
Microsoft Visual Studio Solution File, Format Version 12.00
# Visual Studio Version 16
VisualStudioVersion = 16.0.28902.138
MinimumVisualStudioVersion = 10.0.40219.1
Project("{FAE04EC0-301F-11D3-BF4B-00C04F79EFBC}") = "GitHubDashboard.Web", "GitHubDashboard.Web\GitHubDashboard.Web.csproj", "{3458AD9E-5935-40D6-B953-D631E270A7AF}"
EndProject
Project("{FAE04EC0-301F-11D3-BF4B-00C04F79EFBC}") = "GitHubDashboard.Domain", "GitHubDashboard.Domain\GitHubDashboard.Domain.csproj", "{B1381B52-CC21-4678-AA74-545FA168C857}"
EndProject
Project("{FAE04EC0-301F-11D3-BF4B-00C04F79EFBC}") = "GitHubDashboard.Infrastructure", "GitHubDashboard.Infrastructure\GitHubDashboard.Infrastructure.csproj", "{D974844E-833E-4432-8A92-62528E16CC91}"
EndProject
Global
	GlobalSection(SolutionConfigurationPlatforms) = preSolution
		Debug|Any CPU = Debug|Any CPU
		Release|Any CPU = Release|Any CPU
	EndGlobalSection
	GlobalSection(ProjectConfigurationPlatforms) = postSolution
		{3458AD9E-5935-40D6-B953-D631E270A7AF}.Debug|Any CPU.ActiveCfg = Debug|Any CPU
		{3458AD9E-5935-40D6-B953-D631E270A7AF}.Debug|Any CPU.Build.0 = Debug|Any CPU
		{3458AD9E-5935-40D6-B953-D631E270A7AF}.Release|Any CPU.ActiveCfg = Release|Any CPU
		{3458AD9E-5935-40D6-B953-D631E270A7AF}.Release|Any CPU.Build.0 = Release|Any CPU
		{B1381B52-CC21-4678-AA74-545FA168C857}.Debug|Any CPU.ActiveCfg = Debug|Any CPU
		{B1381B52-CC21-4678-AA74-545FA168C857}.Debug|Any CPU.Build.0 = Debug|Any CPU
		{B1381B52-CC21-4678-AA74-545FA168C857}.Release|Any CPU.ActiveCfg = Release|Any CPU
		{B1381B52-CC21-4678-AA74-545FA168C857}.Release|Any CPU.Build.0 = Release|Any CPU
		{D974844E-833E-4432-8A92-62528E16CC91}.Debug|Any CPU.ActiveCfg = Debug|Any CPU
		{D974844E-833E-4432-8A92-62528E16CC91}.Debug|Any CPU.Build.0 = Debug|Any CPU
		{D974844E-833E-4432-8A92-62528E16CC91}.Release|Any CPU.ActiveCfg = Release|Any CPU
		{D974844E-833E-4432-8A92-62528E16CC91}.Release|Any CPU.Build.0 = Release|Any CPU
	EndGlobalSection
	GlobalSection(SolutionProperties) = preSolution
		HideSolutionNode = FALSE
	EndGlobalSection
	GlobalSection(ExtensibilityGlobals) = postSolution
		SolutionGuid = {6170F885-577A-4404-B22D-65F34C95D949}
	EndGlobalSection
EndGlobal
